// !$*UTF8*$!
{
	archiveVersion = 1;
	classes = {
	};
	objectVersion = 46;
	objects = {

/* Begin PBXBuildFile section */
		D4171B8C1C5EC7A300718899 /* AppDelegate.swift in Sources */ = {isa = PBXBuildFile; fileRef = D4171B8B1C5EC7A300718899 /* AppDelegate.swift */; };
		D4171B8E1C5EC7A300718899 /* ViewController.swift in Sources */ = {isa = PBXBuildFile; fileRef = D4171B8D1C5EC7A300718899 /* ViewController.swift */; };
		D4171B911C5EC7A300718899 /* Main.storyboard in Resources */ = {isa = PBXBuildFile; fileRef = D4171B8F1C5EC7A300718899 /* Main.storyboard */; };
		D4171B931C5EC7A300718899 /* Assets.xcassets in Resources */ = {isa = PBXBuildFile; fileRef = D4171B921C5EC7A300718899 /* Assets.xcassets */; };
		D4171B961C5EC7A300718899 /* LaunchScreen.storyboard in Resources */ = {isa = PBXBuildFile; fileRef = D4171B941C5EC7A300718899 /* LaunchScreen.storyboard */; };
		D444B72B1C5ED13F00D5ECC7 /* Chroma.framework in Frameworks */ = {isa = PBXBuildFile; fileRef = D4171BA21C5EC7C800718899 /* Chroma.framework */; };
/* End PBXBuildFile section */

/* Begin PBXContainerItemProxy section */
		D4171BA11C5EC7C800718899 /* PBXContainerItemProxy */ = {
			isa = PBXContainerItemProxy;
			containerPortal = D4171B9D1C5EC7C800718899 /* Chroma.xcodeproj */;
			proxyType = 2;
			remoteGlobalIDString = D4171B701C5EBAB900718899;
			remoteInfo = Chroma;
		};
/* End PBXContainerItemProxy section */

/* Begin PBXFileReference section */
		D4171B881C5EC7A300718899 /* iOS Example.app */ = {isa = PBXFileReference; explicitFileType = wrapper.application; includeInIndex = 0; path = "iOS Example.app"; sourceTree = BUILT_PRODUCTS_DIR; };
		D4171B8B1C5EC7A300718899 /* AppDelegate.swift */ = {isa = PBXFileReference; lastKnownFileType = sourcecode.swift; path = AppDelegate.swift; sourceTree = "<group>"; };
		D4171B8D1C5EC7A300718899 /* ViewController.swift */ = {isa = PBXFileReference; lastKnownFileType = sourcecode.swift; path = ViewController.swift; sourceTree = "<group>"; };
		D4171B901C5EC7A300718899 /* Base */ = {isa = PBXFileReference; lastKnownFileType = file.storyboard; name = Base; path = Base.lproj/Main.storyboard; sourceTree = "<group>"; };
		D4171B921C5EC7A300718899 /* Assets.xcassets */ = {isa = PBXFileReference; lastKnownFileType = folder.assetcatalog; path = Assets.xcassets; sourceTree = "<group>"; };
		D4171B951C5EC7A300718899 /* Base */ = {isa = PBXFileReference; lastKnownFileType = file.storyboard; name = Base; path = Base.lproj/LaunchScreen.storyboard; sourceTree = "<group>"; };
		D4171B971C5EC7A300718899 /* Info.plist */ = {isa = PBXFileReference; lastKnownFileType = text.plist.xml; path = Info.plist; sourceTree = "<group>"; };
		D4171B9D1C5EC7C800718899 /* Chroma.xcodeproj */ = {isa = PBXFileReference; lastKnownFileType = "wrapper.pb-project"; name = Chroma.xcodeproj; path = ../Chroma.xcodeproj; sourceTree = "<group>"; };
/* End PBXFileReference section */

/* Begin PBXFrameworksBuildPhase section */
		D4171B851C5EC7A300718899 /* Frameworks */ = {
			isa = PBXFrameworksBuildPhase;
			buildActionMask = 2147483647;
			files = (
				D444B72B1C5ED13F00D5ECC7 /* Chroma.framework in Frameworks */,
			);
			runOnlyForDeploymentPostprocessing = 0;
		};
/* End PBXFrameworksBuildPhase section */

/* Begin PBXGroup section */
		D4171B7F1C5EC7A300718899 = {
			isa = PBXGroup;
			children = (
				D4171B8A1C5EC7A300718899 /* iOS Example */,
				D4171B891C5EC7A300718899 /* Products */,
				D4171B9D1C5EC7C800718899 /* Chroma.xcodeproj */,
			);
			sourceTree = "<group>";
		};
		D4171B891C5EC7A300718899 /* Products */ = {
			isa = PBXGroup;
			children = (
				D4171B881C5EC7A300718899 /* iOS Example.app */,
			);
			name = Products;
			sourceTree = "<group>";
		};
		D4171B8A1C5EC7A300718899 /* iOS Example */ = {
			isa = PBXGroup;
			children = (
				D4171B8B1C5EC7A300718899 /* AppDelegate.swift */,
				D4171B8D1C5EC7A300718899 /* ViewController.swift */,
				D4171B8F1C5EC7A300718899 /* Main.storyboard */,
				D4171B921C5EC7A300718899 /* Assets.xcassets */,
				D4171B941C5EC7A300718899 /* LaunchScreen.storyboard */,
				D4171B971C5EC7A300718899 /* Info.plist */,
			);
			path = "iOS Example";
			sourceTree = "<group>";
		};
		D4171B9E1C5EC7C800718899 /* Products */ = {
			isa = PBXGroup;
			children = (
				D4171BA21C5EC7C800718899 /* Chroma.framework */,
			);
			name = Products;
			sourceTree = "<group>";
		};
/* End PBXGroup section */

/* Begin PBXNativeTarget section */
		D4171B871C5EC7A300718899 /* iOS Example */ = {
			isa = PBXNativeTarget;
			buildConfigurationList = D4171B9A1C5EC7A300718899 /* Build configuration list for PBXNativeTarget "iOS Example" */;
			buildPhases = (
				D4171B841C5EC7A300718899 /* Sources */,
				D4171B851C5EC7A300718899 /* Frameworks */,
				D4171B861C5EC7A300718899 /* Resources */,
			);
			buildRules = (
			);
			dependencies = (
			);
			name = "iOS Example";
			productName = "iOS Example";
			productReference = D4171B881C5EC7A300718899 /* iOS Example.app */;
			productType = "com.apple.product-type.application";
		};
/* End PBXNativeTarget section */

/* Begin PBXProject section */
		D4171B801C5EC7A300718899 /* Project object */ = {
			isa = PBXProject;
			attributes = {
				LastSwiftUpdateCheck = 0720;
				LastUpgradeCheck = 0720;
				ORGANIZATIONNAME = "Satyam Ghodasara";
				TargetAttributes = {
					D4171B871C5EC7A300718899 = {
						CreatedOnToolsVersion = 7.2;
					};
				};
			};
			buildConfigurationList = D4171B831C5EC7A300718899 /* Build configuration list for PBXProject "iOS Example" */;
			compatibilityVersion = "Xcode 3.2";
			developmentRegion = English;
			hasScannedForEncodings = 0;
			knownRegions = (
				en,
				Base,
			);
			mainGroup = D4171B7F1C5EC7A300718899;
			productRefGroup = D4171B891C5EC7A300718899 /* Products */;
			projectDirPath = "";
			projectReferences = (
				{
					ProductGroup = D4171B9E1C5EC7C800718899 /* Products */;
					ProjectRef = D4171B9D1C5EC7C800718899 /* Chroma.xcodeproj */;
				},
			);
			projectRoot = "";
			targets = (
				D4171B871C5EC7A300718899 /* iOS Example */,
			);
		};
/* End PBXProject section */

/* Begin PBXReferenceProxy section */
		D4171BA21C5EC7C800718899 /* Chroma.framework */ = {
			isa = PBXReferenceProxy;
			fileType = wrapper.framework;
			path = Chroma.framework;
			remoteRef = D4171BA11C5EC7C800718899 /* PBXContainerItemProxy */;
			sourceTree = BUILT_PRODUCTS_DIR;
		};
/* End PBXReferenceProxy section */

/* Begin PBXResourcesBuildPhase section */
		D4171B861C5EC7A300718899 /* Resources */ = {
			isa = PBXResourcesBuildPhase;
			buildActionMask = 2147483647;
			files = (
				D4171B961C5EC7A300718899 /* LaunchScreen.storyboard in Resources */,
				D4171B931C5EC7A300718899 /* Assets.xcassets in Resources */,
				D4171B911C5EC7A300718899 /* Main.storyboard in Resources */,
			);
			runOnlyForDeploymentPostprocessing = 0;
		};
/* End PBXResourcesBuildPhase section */

/* Begin PBXSourcesBuildPhase section */
		D4171B841C5EC7A300718899 /* Sources */ = {
			isa = PBXSourcesBuildPhase;
			buildActionMask = 2147483647;
			files = (
				D4171B8E1C5EC7A300718899 /* ViewController.swift in Sources */,
				D4171B8C1C5EC7A300718899 /* AppDelegate.swift in Sources */,
			);
			runOnlyForDeploymentPostprocessing = 0;
		};
/* End PBXSourcesBuildPhase section */

/* Begin PBXVariantGroup section */
		D4171B8F1C5EC7A300718899 /* Main.storyboard */ = {
			isa = PBXVariantGroup;
			children = (
				D4171B901C5EC7A300718899 /* Base */,
			);
			name = Main.storyboard;
			sourceTree = "<group>";
		};
		D4171B941C5EC7A300718899 /* LaunchScreen.storyboard */ = {
			isa = PBXVariantGroup;
			children = (
				D4171B951C5EC7A300718899 /* Base */,
			);
			name = LaunchScreen.storyboard;
			sourceTree = "<group>";
		};
/* End PBXVariantGroup section */

/* Begin XCBuildConfiguration section */
		D4171B981C5EC7A300718899 /* Debug */ = {
			isa = XCBuildConfiguration;
			buildSettings = {
				ALWAYS_SEARCH_USER_PATHS = NO;
				CLANG_CXX_LANGUAGE_STANDARD = "gnu++0x";
				CLANG_CXX_LIBRARY = "libc++";
				CLANG_ENABLE_MODULES = YES;
				CLANG_ENABLE_OBJC_ARC = YES;
				CLANG_WARN_BOOL_CONVERSION = YES;
				CLANG_WARN_CONSTANT_CONVERSION = YES;
				CLANG_WARN_DIRECT_OBJC_ISA_USAGE = YES_ERROR;
				CLANG_WARN_EMPTY_BODY = YES;
				CLANG_WARN_ENUM_CONVERSION = YES;
				CLANG_WARN_INT_CONVERSION = YES;
				CLANG_WARN_OBJC_ROOT_CLASS = YES_ERROR;
				CLANG_WARN_UNREACHABLE_CODE = YES;
				CLANG_WARN__DUPLICATE_METHOD_MATCH = YES;
				"CODE_SIGN_IDENTITY[sdk=iphoneos*]" = "iPhone Developer";
				COPY_PHASE_STRIP = NO;
				DEBUG_INFORMATION_FORMAT = dwarf;
				ENABLE_STRICT_OBJC_MSGSEND = YES;
				ENABLE_TESTABILITY = YES;
				GCC_C_LANGUAGE_STANDARD = gnu99;
				GCC_DYNAMIC_NO_PIC = NO;
				GCC_NO_COMMON_BLOCKS = YES;
				GCC_OPTIMIZATION_LEVEL = 0;
				GCC_PREPROCESSOR_DEFINITIONS = (
					"DEBUG=1",
					"$(inherited)",
				);
				GCC_WARN_64_TO_32_BIT_CONVERSION = YES;
				GCC_WARN_ABOUT_RETURN_TYPE = YES_ERROR;
				GCC_WARN_UNDECLARED_SELECTOR = YES;
				GCC_WARN_UNINITIALIZED_AUTOS = YES_AGGRESSIVE;
				GCC_WARN_UNUSED_FUNCTION = YES;
				GCC_WARN_UNUSED_VARIABLE = YES;
				IPHONEOS_DEPLOYMENT_TARGET = 9.2;
				MTL_ENABLE_DEBUG_INFO = YES;
				ONLY_ACTIVE_ARCH = YES;
				SDKROOT = iphoneos;
				SWIFT_OPTIMIZATION_LEVEL = "-Onone";
				TARGETED_DEVICE_FAMILY = "1,2";
			};
			name = Debug;
		};
		D4171B991C5EC7A300718899 /* Release */ = {
			isa = XCBuildConfiguration;
			buildSettings = {
				ALWAYS_SEARCH_USER_PATHS = NO;
				CLANG_CXX_LANGUAGE_STANDARD = "gnu++0x";
				CLANG_CXX_LIBRARY = "libc++";
				CLANG_ENABLE_MODULES = YES;
				CLANG_ENABLE_OBJC_ARC = YES;
				CLANG_WARN_BOOL_CONVERSION = YES;
				CLANG_WARN_CONSTANT_CONVERSION = YES;
				CLANG_WARN_DIRECT_OBJC_ISA_USAGE = YES_ERROR;
				CLANG_WARN_EMPTY_BODY = YES;
				CLANG_WARN_ENUM_CONVERSION = YES;
				CLANG_WARN_INT_CONVERSION = YES;
				CLANG_WARN_OBJC_ROOT_CLASS = YES_ERROR;
				CLANG_WARN_UNREACHABLE_CODE = YES;
				CLANG_WARN__DUPLICATE_METHOD_MATCH = YES;
				"CODE_SIGN_IDENTITY[sdk=iphoneos*]" = "iPhone Developer";
				COPY_PHASE_STRIP = NO;
				DEBUG_INFORMATION_FORMAT = "dwarf-with-dsym";
				ENABLE_NS_ASSERTIONS = NO;
				ENABLE_STRICT_OBJC_MSGSEND = YES;
				GCC_C_LANGUAGE_STANDARD = gnu99;
				GCC_NO_COMMON_BLOCKS = YES;
				GCC_WARN_64_TO_32_BIT_CONVERSION = YES;
				GCC_WARN_ABOUT_RETURN_TYPE = YES_ERROR;
				GCC_WARN_UNDECLARED_SELECTOR = YES;
				GCC_WARN_UNINITIALIZED_AUTOS = YES_AGGRESSIVE;
				GCC_WARN_UNUSED_FUNCTION = YES;
				GCC_WARN_UNUSED_VARIABLE = YES;
				IPHONEOS_DEPLOYMENT_TARGET = 9.2;
				MTL_ENABLE_DEBUG_INFO = NO;
				SDKROOT = iphoneos;
				TARGETED_DEVICE_FAMILY = "1,2";
				VALIDATE_PRODUCT = YES;
			};
			name = Release;
		};
		D4171B9B1C5EC7A300718899 /* Debug */ = {
			isa = XCBuildConfiguration;
			buildSettings = {
				ASSETCATALOG_COMPILER_APPICON_NAME = AppIcon;
				INFOPLIST_FILE = "iOS Example/Info.plist";
				LD_RUNPATH_SEARCH_PATHS = "$(inherited) @executable_path/Frameworks";
				PRODUCT_BUNDLE_IDENTIFIER = "io.Satyam.iOS-Example";
				PRODUCT_NAME = "$(TARGET_NAME)";
				TARGETED_DEVICE_FAMILY = 1;
			};
			name = Debug;
		};
		D4171B9C1C5EC7A300718899 /* Release */ = {
			isa = XCBuildConfiguration;
			buildSettings = {
				ASSETCATALOG_COMPILER_APPICON_NAME = AppIcon;
				INFOPLIST_FILE = "iOS Example/Info.plist";
				LD_RUNPATH_SEARCH_PATHS = "$(inherited) @executable_path/Frameworks";
				PRODUCT_BUNDLE_IDENTIFIER = "io.Satyam.iOS-Example";
				PRODUCT_NAME = "$(TARGET_NAME)";
				TARGETED_DEVICE_FAMILY = 1;
			};
			name = Release;
		};
/* End XCBuildConfiguration section */

/* Begin XCConfigurationList section */
		D4171B831C5EC7A300718899 /* Build configuration list for PBXProject "iOS Example" */ = {
			isa = XCConfigurationList;
			buildConfigurations = (
				D4171B981C5EC7A300718899 /* Debug */,
				D4171B991C5EC7A300718899 /* Release */,
			);
			defaultConfigurationIsVisible = 0;
			defaultConfigurationName = Release;
		};
		D4171B9A1C5EC7A300718899 /* Build configuration list for PBXNativeTarget "iOS Example" */ = {
			isa = XCConfigurationList;
			buildConfigurations = (
				D4171B9B1C5EC7A300718899 /* Debug */,
				D4171B9C1C5EC7A300718899 /* Release */,
			);
			defaultConfigurationIsVisible = 0;
			defaultConfigurationName = Release;
		};
/* End XCConfigurationList section */
	};
	rootObject = D4171B801C5EC7A300718899 /* Project object */;
}
